// !$*UTF8*$!
{
	archiveVersion = 1;
	classes = {
	};
	objectVersion = 56;
	objects = {

/* Begin PBXBuildFile section */
		230DF5482A0025DC009218CD /* WindView.swift in Sources */ = {isa = PBXBuildFile; fileRef = 230DF5472A0025DC009218CD /* WindView.swift */; };
		230DF5642A00FBC6009218CD /* Functions.swift in Sources */ = {isa = PBXBuildFile; fileRef = 230DF5632A00FBC6009218CD /* Functions.swift */; };
		233C110F2A195D1800151961 /* FileView.swift in Sources */ = {isa = PBXBuildFile; fileRef = 233C110E2A195D1800151961 /* FileView.swift */; };
		233D9B882A1F4CAB00C89497 /* AircraftView.swift in Sources */ = {isa = PBXBuildFile; fileRef = 233D9B872A1F4CAB00C89497 /* AircraftView.swift */; };
		233D9B8A2A1F4F8700C89497 /* AircraftPickerView.swift in Sources */ = {isa = PBXBuildFile; fileRef = 233D9B892A1F4F8700C89497 /* AircraftPickerView.swift */; };
		233D9BE02A21419A00C89497 /* RadioButtonView.swift in Sources */ = {isa = PBXBuildFile; fileRef = 233D9BDF2A21419A00C89497 /* RadioButtonView.swift */; };
		233D9BE42A23C6D600C89497 /* C182Perf.csv in Resources */ = {isa = PBXBuildFile; fileRef = 233D9BE32A23C6D600C89497 /* C182Perf.csv */; };
		233EFBAA2A1799EB00DC589B /* TemperatureView.swift in Sources */ = {isa = PBXBuildFile; fileRef = 233EFBA92A1799EB00DC589B /* TemperatureView.swift */; };
		233EFBAE2A17DB3700DC589B /* WeightView.swift in Sources */ = {isa = PBXBuildFile; fileRef = 233EFBAD2A17DB3700DC589B /* WeightView.swift */; };
		233EFBB02A17E9C300DC589B /* ElevationView.swift in Sources */ = {isa = PBXBuildFile; fileRef = 233EFBAF2A17E9C300DC589B /* ElevationView.swift */; };
		233EFBB22A17EC8700DC589B /* QNHView.swift in Sources */ = {isa = PBXBuildFile; fileRef = 233EFBB12A17EC8700DC589B /* QNHView.swift */; };
		233EFBB42A18B4C900DC589B /* oldQNHView.rtf in Resources */ = {isa = PBXBuildFile; fileRef = 233EFBB32A18B4C900DC589B /* oldQNHView.rtf */; };
		233EFBB62A18B5A800DC589B /* oldElevationView.rtf in Resources */ = {isa = PBXBuildFile; fileRef = 233EFBB52A18B5A800DC589B /* oldElevationView.rtf */; };
		233EFBB82A18B5E700DC589B /* oldTemperatureView.rtf in Resources */ = {isa = PBXBuildFile; fileRef = 233EFBB72A18B5E700DC589B /* oldTemperatureView.rtf */; };
		233EFBBA2A18B61000DC589B /* oldWeightView.rtf in Resources */ = {isa = PBXBuildFile; fileRef = 233EFBB92A18B61000DC589B /* oldWeightView.rtf */; };
		234889E72A1D2614005BD74E /* C172Perf.pdf in Resources */ = {isa = PBXBuildFile; fileRef = 234889E62A1D2614005BD74E /* C172Perf.pdf */; };
		236E894129FFAE170011B767 /* CessnaPerfApp.swift in Sources */ = {isa = PBXBuildFile; fileRef = 236E894029FFAE170011B767 /* CessnaPerfApp.swift */; };
		236E894329FFAE170011B767 /* ContentView.swift in Sources */ = {isa = PBXBuildFile; fileRef = 236E894229FFAE170011B767 /* ContentView.swift */; };
		236E894529FFAE190011B767 /* Assets.xcassets in Resources */ = {isa = PBXBuildFile; fileRef = 236E894429FFAE190011B767 /* Assets.xcassets */; };
		236E894829FFAE190011B767 /* Preview Assets.xcassets in Resources */ = {isa = PBXBuildFile; fileRef = 236E894729FFAE190011B767 /* Preview Assets.xcassets */; };
		236E895229FFB0D10011B767 /* Notes.rtf in Resources */ = {isa = PBXBuildFile; fileRef = 236E895129FFB0D10011B767 /* Notes.rtf */; };
		236E895B29FFB6F40011B767 /* ResultsView.swift in Sources */ = {isa = PBXBuildFile; fileRef = 236E895A29FFB6F40011B767 /* ResultsView.swift */; };
		236E895D29FFC1E40011B767 /* Calculations.swift in Sources */ = {isa = PBXBuildFile; fileRef = 236E895C29FFC1E40011B767 /* Calculations.swift */; };
		236E89672A0015C00011B767 /* WindPicker.swift in Sources */ = {isa = PBXBuildFile; fileRef = 236E89662A0015C00011B767 /* WindPicker.swift */; };
		23E299822A0250750036E691 /* C172Perf.csv in Resources */ = {isa = PBXBuildFile; fileRef = 23E299812A0250750036E691 /* C172Perf.csv */; };
		23E299862A0A7FD60036E691 /* SurfaceView.swift in Sources */ = {isa = PBXBuildFile; fileRef = 23E299852A0A7FD60036E691 /* SurfaceView.swift */; };
		23E299A22A0BCFB10036E691 /* SpareCode.rtf in Resources */ = {isa = PBXBuildFile; fileRef = 23E299A12A0BCFB10036E691 /* SpareCode.rtf */; };
		23F9FFC42A1D31CC00D55FDF /* SideMenuView.swift in Sources */ = {isa = PBXBuildFile; fileRef = 23F9FFC32A1D31CC00D55FDF /* SideMenuView.swift */; };
/* End PBXBuildFile section */

/* Begin PBXFileReference section */
		230DF5472A0025DC009218CD /* WindView.swift */ = {isa = PBXFileReference; lastKnownFileType = sourcecode.swift; path = WindView.swift; sourceTree = "<group>"; };
		230DF5632A00FBC6009218CD /* Functions.swift */ = {isa = PBXFileReference; lastKnownFileType = sourcecode.swift; path = Functions.swift; sourceTree = "<group>"; };
		233C110E2A195D1800151961 /* FileView.swift */ = {isa = PBXFileReference; lastKnownFileType = sourcecode.swift; path = FileView.swift; sourceTree = "<group>"; };
		233D9B872A1F4CAB00C89497 /* AircraftView.swift */ = {isa = PBXFileReference; lastKnownFileType = sourcecode.swift; path = AircraftView.swift; sourceTree = "<group>"; };
		233D9B892A1F4F8700C89497 /* AircraftPickerView.swift */ = {isa = PBXFileReference; lastKnownFileType = sourcecode.swift; path = AircraftPickerView.swift; sourceTree = "<group>"; };
		233D9BDF2A21419A00C89497 /* RadioButtonView.swift */ = {isa = PBXFileReference; lastKnownFileType = sourcecode.swift; path = RadioButtonView.swift; sourceTree = "<group>"; };
		233D9BE32A23C6D600C89497 /* C182Perf.csv */ = {isa = PBXFileReference; fileEncoding = 4; lastKnownFileType = text; path = C182Perf.csv; sourceTree = "<group>"; };
		233EFBA92A1799EB00DC589B /* TemperatureView.swift */ = {isa = PBXFileReference; lastKnownFileType = sourcecode.swift; path = TemperatureView.swift; sourceTree = "<group>"; };
		233EFBAD2A17DB3700DC589B /* WeightView.swift */ = {isa = PBXFileReference; lastKnownFileType = sourcecode.swift; path = WeightView.swift; sourceTree = "<group>"; };
		233EFBAF2A17E9C300DC589B /* ElevationView.swift */ = {isa = PBXFileReference; lastKnownFileType = sourcecode.swift; path = ElevationView.swift; sourceTree = "<group>"; };
		233EFBB12A17EC8700DC589B /* QNHView.swift */ = {isa = PBXFileReference; lastKnownFileType = sourcecode.swift; path = QNHView.swift; sourceTree = "<group>"; };
		233EFBB32A18B4C900DC589B /* oldQNHView.rtf */ = {isa = PBXFileReference; lastKnownFileType = text.rtf; path = oldQNHView.rtf; sourceTree = "<group>"; };
		233EFBB52A18B5A800DC589B /* oldElevationView.rtf */ = {isa = PBXFileReference; lastKnownFileType = text.rtf; path = oldElevationView.rtf; sourceTree = "<group>"; };
		233EFBB72A18B5E700DC589B /* oldTemperatureView.rtf */ = {isa = PBXFileReference; lastKnownFileType = text.rtf; path = oldTemperatureView.rtf; sourceTree = "<group>"; };
		233EFBB92A18B61000DC589B /* oldWeightView.rtf */ = {isa = PBXFileReference; lastKnownFileType = text.rtf; path = oldWeightView.rtf; sourceTree = "<group>"; };
		234889E62A1D2614005BD74E /* C172Perf.pdf */ = {isa = PBXFileReference; lastKnownFileType = image.pdf; path = C172Perf.pdf; sourceTree = "<group>"; };
		236E893D29FFAE170011B767 /* CessnaPerf.app */ = {isa = PBXFileReference; explicitFileType = wrapper.application; includeInIndex = 0; path = CessnaPerf.app; sourceTree = BUILT_PRODUCTS_DIR; };
		236E894029FFAE170011B767 /* CessnaPerfApp.swift */ = {isa = PBXFileReference; lastKnownFileType = sourcecode.swift; path = CessnaPerfApp.swift; sourceTree = "<group>"; };
		236E894229FFAE170011B767 /* ContentView.swift */ = {isa = PBXFileReference; lastKnownFileType = sourcecode.swift; path = ContentView.swift; sourceTree = "<group>"; };
		236E894429FFAE190011B767 /* Assets.xcassets */ = {isa = PBXFileReference; lastKnownFileType = folder.assetcatalog; path = Assets.xcassets; sourceTree = "<group>"; };
		236E894729FFAE190011B767 /* Preview Assets.xcassets */ = {isa = PBXFileReference; lastKnownFileType = folder.assetcatalog; path = "Preview Assets.xcassets"; sourceTree = "<group>"; };
		236E894E29FFAEEF0011B767 /* Info.plist */ = {isa = PBXFileReference; lastKnownFileType = text.plist; path = Info.plist; sourceTree = "<group>"; };
		236E895129FFB0D10011B767 /* Notes.rtf */ = {isa = PBXFileReference; lastKnownFileType = text.rtf; path = Notes.rtf; sourceTree = "<group>"; };
		236E895A29FFB6F40011B767 /* ResultsView.swift */ = {isa = PBXFileReference; lastKnownFileType = sourcecode.swift; path = ResultsView.swift; sourceTree = "<group>"; };
		236E895C29FFC1E40011B767 /* Calculations.swift */ = {isa = PBXFileReference; lastKnownFileType = sourcecode.swift; path = Calculations.swift; sourceTree = "<group>"; };
		236E89662A0015C00011B767 /* WindPicker.swift */ = {isa = PBXFileReference; lastKnownFileType = sourcecode.swift; path = WindPicker.swift; sourceTree = "<group>"; };
		23E299812A0250750036E691 /* C172Perf.csv */ = {isa = PBXFileReference; fileEncoding = 4; lastKnownFileType = text; path = C172Perf.csv; sourceTree = "<group>"; };
		23E299852A0A7FD60036E691 /* SurfaceView.swift */ = {isa = PBXFileReference; lastKnownFileType = sourcecode.swift; path = SurfaceView.swift; sourceTree = "<group>"; };
		23E299A12A0BCFB10036E691 /* SpareCode.rtf */ = {isa = PBXFileReference; lastKnownFileType = text.rtf; path = SpareCode.rtf; sourceTree = "<group>"; };
		23F9FFC32A1D31CC00D55FDF /* SideMenuView.swift */ = {isa = PBXFileReference; lastKnownFileType = sourcecode.swift; path = SideMenuView.swift; sourceTree = "<group>"; };
/* End PBXFileReference section */

/* Begin PBXFrameworksBuildPhase section */
		236E893A29FFAE170011B767 /* Frameworks */ = {
			isa = PBXFrameworksBuildPhase;
			buildActionMask = 2147483647;
			files = (
			);
			runOnlyForDeploymentPostprocessing = 0;
		};
/* End PBXFrameworksBuildPhase section */

/* Begin PBXGroup section */
		233EFBD72A1902ED00DC589B /* SupportingFunctions */ = {
			isa = PBXGroup;
			children = (
				230DF5632A00FBC6009218CD /* Functions.swift */,
				236E895C29FFC1E40011B767 /* Calculations.swift */,
			);
			path = SupportingFunctions;
			sourceTree = "<group>";
		};
		234889E32A1D1C52005BD74E /* Data */ = {
			isa = PBXGroup;
			children = (
				234889E62A1D2614005BD74E /* C172Perf.pdf */,
				23E299812A0250750036E691 /* C172Perf.csv */,
				233D9BE32A23C6D600C89497 /* C182Perf.csv */,
			);
			path = Data;
			sourceTree = "<group>";
		};
		236E893429FFAE170011B767 = {
			isa = PBXGroup;
			children = (
				234889E32A1D1C52005BD74E /* Data */,
				236E893F29FFAE170011B767 /* CessnaPerf */,
				236E893E29FFAE170011B767 /* Products */,
			);
			sourceTree = "<group>";
		};
		236E893E29FFAE170011B767 /* Products */ = {
			isa = PBXGroup;
			children = (
				236E893D29FFAE170011B767 /* CessnaPerf.app */,
			);
			name = Products;
			sourceTree = "<group>";
		};
		236E893F29FFAE170011B767 /* CessnaPerf */ = {
			isa = PBXGroup;
			children = (
				236E894029FFAE170011B767 /* CessnaPerfApp.swift */,
				236E895929FFB5F10011B767 /* SwiftUI */,
				233EFBB92A18B61000DC589B /* oldWeightView.rtf */,
				233EFBB52A18B5A800DC589B /* oldElevationView.rtf */,
				233EFBB72A18B5E700DC589B /* oldTemperatureView.rtf */,
				233EFBB32A18B4C900DC589B /* oldQNHView.rtf */,
				23E299A12A0BCFB10036E691 /* SpareCode.rtf */,
				236E894429FFAE190011B767 /* Assets.xcassets */,
				236E894E29FFAEEF0011B767 /* Info.plist */,
				236E894629FFAE190011B767 /* Preview Content */,
				236E895129FFB0D10011B767 /* Notes.rtf */,
			);
			path = CessnaPerf;
			sourceTree = "<group>";
		};
		236E894629FFAE190011B767 /* Preview Content */ = {
			isa = PBXGroup;
			children = (
				236E894729FFAE190011B767 /* Preview Assets.xcassets */,
			);
			path = "Preview Content";
			sourceTree = "<group>";
		};
		236E895929FFB5F10011B767 /* SwiftUI */ = {
			isa = PBXGroup;
			children = (
				236E894229FFAE170011B767 /* ContentView.swift */,
				236E895A29FFB6F40011B767 /* ResultsView.swift */,
				236E89662A0015C00011B767 /* WindPicker.swift */,
				230DF5472A0025DC009218CD /* WindView.swift */,
				23E299852A0A7FD60036E691 /* SurfaceView.swift */,
				233EFBA92A1799EB00DC589B /* TemperatureView.swift */,
				233EFBAD2A17DB3700DC589B /* WeightView.swift */,
				233EFBAF2A17E9C300DC589B /* ElevationView.swift */,
				233EFBB12A17EC8700DC589B /* QNHView.swift */,
				233C110E2A195D1800151961 /* FileView.swift */,
				23F9FFC32A1D31CC00D55FDF /* SideMenuView.swift */,
				233D9B872A1F4CAB00C89497 /* AircraftView.swift */,
				233D9B892A1F4F8700C89497 /* AircraftPickerView.swift */,
				233D9BDF2A21419A00C89497 /* RadioButtonView.swift */,
				233EFBD72A1902ED00DC589B /* SupportingFunctions */,
			);
			path = SwiftUI;
			sourceTree = "<group>";
		};
/* End PBXGroup section */

/* Begin PBXNativeTarget section */
		236E893C29FFAE170011B767 /* CessnaPerf */ = {
			isa = PBXNativeTarget;
			buildConfigurationList = 236E894B29FFAE190011B767 /* Build configuration list for PBXNativeTarget "CessnaPerf" */;
			buildPhases = (
				236E893929FFAE170011B767 /* Sources */,
				236E893A29FFAE170011B767 /* Frameworks */,
				236E893B29FFAE170011B767 /* Resources */,
			);
			buildRules = (
			);
			dependencies = (
			);
			name = CessnaPerf;
			productName = CessnaPerf;
			productReference = 236E893D29FFAE170011B767 /* CessnaPerf.app */;
			productType = "com.apple.product-type.application";
		};
/* End PBXNativeTarget section */

/* Begin PBXProject section */
		236E893529FFAE170011B767 /* Project object */ = {
			isa = PBXProject;
			attributes = {
				BuildIndependentTargetsInParallel = 1;
				LastSwiftUpdateCheck = 1420;
				LastUpgradeCheck = 1420;
				TargetAttributes = {
					236E893C29FFAE170011B767 = {
						CreatedOnToolsVersion = 14.2;
					};
				};
			};
			buildConfigurationList = 236E893829FFAE170011B767 /* Build configuration list for PBXProject "CessnaPerf" */;
			compatibilityVersion = "Xcode 14.0";
			developmentRegion = en;
			hasScannedForEncodings = 0;
			knownRegions = (
				en,
				Base,
			);
			mainGroup = 236E893429FFAE170011B767;
			productRefGroup = 236E893E29FFAE170011B767 /* Products */;
			projectDirPath = "";
			projectRoot = "";
			targets = (
				236E893C29FFAE170011B767 /* CessnaPerf */,
			);
		};
/* End PBXProject section */

/* Begin PBXResourcesBuildPhase section */
		236E893B29FFAE170011B767 /* Resources */ = {
			isa = PBXResourcesBuildPhase;
			buildActionMask = 2147483647;
			files = (
				233EFBB82A18B5E700DC589B /* oldTemperatureView.rtf in Resources */,
				233EFBB62A18B5A800DC589B /* oldElevationView.rtf in Resources */,
				23E299A22A0BCFB10036E691 /* SpareCode.rtf in Resources */,
				233EFBBA2A18B61000DC589B /* oldWeightView.rtf in Resources */,
				23E299822A0250750036E691 /* C172Perf.csv in Resources */,
				233D9BE42A23C6D600C89497 /* C182Perf.csv in Resources */,
				236E895229FFB0D10011B767 /* Notes.rtf in Resources */,
				233EFBB42A18B4C900DC589B /* oldQNHView.rtf in Resources */,
				236E894829FFAE190011B767 /* Preview Assets.xcassets in Resources */,
				234889E72A1D2614005BD74E /* C172Perf.pdf in Resources */,
				236E894529FFAE190011B767 /* Assets.xcassets in Resources */,
			);
			runOnlyForDeploymentPostprocessing = 0;
		};
/* End PBXResourcesBuildPhase section */

/* Begin PBXSourcesBuildPhase section */
		236E893929FFAE170011B767 /* Sources */ = {
			isa = PBXSourcesBuildPhase;
			buildActionMask = 2147483647;
			files = (
				230DF5482A0025DC009218CD /* WindView.swift in Sources */,
				233C110F2A195D1800151961 /* FileView.swift in Sources */,
				230DF5642A00FBC6009218CD /* Functions.swift in Sources */,
				233D9B882A1F4CAB00C89497 /* AircraftView.swift in Sources */,
				233D9BE02A21419A00C89497 /* RadioButtonView.swift in Sources */,
				236E895B29FFB6F40011B767 /* ResultsView.swift in Sources */,
				233EFBB02A17E9C300DC589B /* ElevationView.swift in Sources */,
				233EFBAE2A17DB3700DC589B /* WeightView.swift in Sources */,
				23E299862A0A7FD60036E691 /* SurfaceView.swift in Sources */,
				233D9B8A2A1F4F8700C89497 /* AircraftPickerView.swift in Sources */,
				233EFBB22A17EC8700DC589B /* QNHView.swift in Sources */,
				23F9FFC42A1D31CC00D55FDF /* SideMenuView.swift in Sources */,
				236E89672A0015C00011B767 /* WindPicker.swift in Sources */,
				236E894329FFAE170011B767 /* ContentView.swift in Sources */,
				233EFBAA2A1799EB00DC589B /* TemperatureView.swift in Sources */,
				236E895D29FFC1E40011B767 /* Calculations.swift in Sources */,
				236E894129FFAE170011B767 /* CessnaPerfApp.swift in Sources */,
			);
			runOnlyForDeploymentPostprocessing = 0;
		};
/* End PBXSourcesBuildPhase section */

/* Begin XCBuildConfiguration section */
		236E894929FFAE190011B767 /* Debug */ = {
			isa = XCBuildConfiguration;
			buildSettings = {
				ALWAYS_SEARCH_USER_PATHS = NO;
				CLANG_ANALYZER_NONNULL = YES;
				CLANG_ANALYZER_NUMBER_OBJECT_CONVERSION = YES_AGGRESSIVE;
				CLANG_CXX_LANGUAGE_STANDARD = "gnu++20";
				CLANG_ENABLE_MODULES = YES;
				CLANG_ENABLE_OBJC_ARC = YES;
				CLANG_ENABLE_OBJC_WEAK = YES;
				CLANG_WARN_BLOCK_CAPTURE_AUTORELEASING = YES;
				CLANG_WARN_BOOL_CONVERSION = YES;
				CLANG_WARN_COMMA = YES;
				CLANG_WARN_CONSTANT_CONVERSION = YES;
				CLANG_WARN_DEPRECATED_OBJC_IMPLEMENTATIONS = YES;
				CLANG_WARN_DIRECT_OBJC_ISA_USAGE = YES_ERROR;
				CLANG_WARN_DOCUMENTATION_COMMENTS = YES;
				CLANG_WARN_EMPTY_BODY = YES;
				CLANG_WARN_ENUM_CONVERSION = YES;
				CLANG_WARN_INFINITE_RECURSION = YES;
				CLANG_WARN_INT_CONVERSION = YES;
				CLANG_WARN_NON_LITERAL_NULL_CONVERSION = YES;
				CLANG_WARN_OBJC_IMPLICIT_RETAIN_SELF = YES;
				CLANG_WARN_OBJC_LITERAL_CONVERSION = YES;
				CLANG_WARN_OBJC_ROOT_CLASS = YES_ERROR;
				CLANG_WARN_QUOTED_INCLUDE_IN_FRAMEWORK_HEADER = YES;
				CLANG_WARN_RANGE_LOOP_ANALYSIS = YES;
				CLANG_WARN_STRICT_PROTOTYPES = YES;
				CLANG_WARN_SUSPICIOUS_MOVE = YES;
				CLANG_WARN_UNGUARDED_AVAILABILITY = YES_AGGRESSIVE;
				CLANG_WARN_UNREACHABLE_CODE = YES;
				CLANG_WARN__DUPLICATE_METHOD_MATCH = YES;
				COPY_PHASE_STRIP = NO;
				DEBUG_INFORMATION_FORMAT = dwarf;
				ENABLE_STRICT_OBJC_MSGSEND = YES;
				ENABLE_TESTABILITY = YES;
				GCC_C_LANGUAGE_STANDARD = gnu11;
				GCC_DYNAMIC_NO_PIC = NO;
				GCC_NO_COMMON_BLOCKS = YES;
				GCC_OPTIMIZATION_LEVEL = 0;
				GCC_PREPROCESSOR_DEFINITIONS = (
					"DEBUG=1",
					"$(inherited)",
				);
				GCC_WARN_64_TO_32_BIT_CONVERSION = YES;
				GCC_WARN_ABOUT_RETURN_TYPE = YES_ERROR;
				GCC_WARN_UNDECLARED_SELECTOR = YES;
				GCC_WARN_UNINITIALIZED_AUTOS = YES_AGGRESSIVE;
				GCC_WARN_UNUSED_FUNCTION = YES;
				GCC_WARN_UNUSED_VARIABLE = YES;
				IPHONEOS_DEPLOYMENT_TARGET = 16.2;
				MTL_ENABLE_DEBUG_INFO = INCLUDE_SOURCE;
				MTL_FAST_MATH = YES;
				ONLY_ACTIVE_ARCH = YES;
				SDKROOT = iphoneos;
				SWIFT_ACTIVE_COMPILATION_CONDITIONS = DEBUG;
				SWIFT_OPTIMIZATION_LEVEL = "-Onone";
			};
			name = Debug;
		};
		236E894A29FFAE190011B767 /* Release */ = {
			isa = XCBuildConfiguration;
			buildSettings = {
				ALWAYS_SEARCH_USER_PATHS = NO;
				CLANG_ANALYZER_NONNULL = YES;
				CLANG_ANALYZER_NUMBER_OBJECT_CONVERSION = YES_AGGRESSIVE;
				CLANG_CXX_LANGUAGE_STANDARD = "gnu++20";
				CLANG_ENABLE_MODULES = YES;
				CLANG_ENABLE_OBJC_ARC = YES;
				CLANG_ENABLE_OBJC_WEAK = YES;
				CLANG_WARN_BLOCK_CAPTURE_AUTORELEASING = YES;
				CLANG_WARN_BOOL_CONVERSION = YES;
				CLANG_WARN_COMMA = YES;
				CLANG_WARN_CONSTANT_CONVERSION = YES;
				CLANG_WARN_DEPRECATED_OBJC_IMPLEMENTATIONS = YES;
				CLANG_WARN_DIRECT_OBJC_ISA_USAGE = YES_ERROR;
				CLANG_WARN_DOCUMENTATION_COMMENTS = YES;
				CLANG_WARN_EMPTY_BODY = YES;
				CLANG_WARN_ENUM_CONVERSION = YES;
				CLANG_WARN_INFINITE_RECURSION = YES;
				CLANG_WARN_INT_CONVERSION = YES;
				CLANG_WARN_NON_LITERAL_NULL_CONVERSION = YES;
				CLANG_WARN_OBJC_IMPLICIT_RETAIN_SELF = YES;
				CLANG_WARN_OBJC_LITERAL_CONVERSION = YES;
				CLANG_WARN_OBJC_ROOT_CLASS = YES_ERROR;
				CLANG_WARN_QUOTED_INCLUDE_IN_FRAMEWORK_HEADER = YES;
				CLANG_WARN_RANGE_LOOP_ANALYSIS = YES;
				CLANG_WARN_STRICT_PROTOTYPES = YES;
				CLANG_WARN_SUSPICIOUS_MOVE = YES;
				CLANG_WARN_UNGUARDED_AVAILABILITY = YES_AGGRESSIVE;
				CLANG_WARN_UNREACHABLE_CODE = YES;
				CLANG_WARN__DUPLICATE_METHOD_MATCH = YES;
				COPY_PHASE_STRIP = NO;
				DEBUG_INFORMATION_FORMAT = "dwarf-with-dsym";
				ENABLE_NS_ASSERTIONS = NO;
				ENABLE_STRICT_OBJC_MSGSEND = YES;
				GCC_C_LANGUAGE_STANDARD = gnu11;
				GCC_NO_COMMON_BLOCKS = YES;
				GCC_WARN_64_TO_32_BIT_CONVERSION = YES;
				GCC_WARN_ABOUT_RETURN_TYPE = YES_ERROR;
				GCC_WARN_UNDECLARED_SELECTOR = YES;
				GCC_WARN_UNINITIALIZED_AUTOS = YES_AGGRESSIVE;
				GCC_WARN_UNUSED_FUNCTION = YES;
				GCC_WARN_UNUSED_VARIABLE = YES;
				IPHONEOS_DEPLOYMENT_TARGET = 16.2;
				MTL_ENABLE_DEBUG_INFO = NO;
				MTL_FAST_MATH = YES;
				SDKROOT = iphoneos;
				SWIFT_COMPILATION_MODE = wholemodule;
				SWIFT_OPTIMIZATION_LEVEL = "-O";
				VALIDATE_PRODUCT = YES;
			};
			name = Release;
		};
		236E894C29FFAE190011B767 /* Debug */ = {
			isa = XCBuildConfiguration;
			buildSettings = {
				ASSETCATALOG_COMPILER_APPICON_NAME = AppIcon;
				ASSETCATALOG_COMPILER_GLOBAL_ACCENT_COLOR_NAME = AccentColor;
				CODE_SIGN_STYLE = Automatic;
				CURRENT_PROJECT_VERSION = 1;
				DEVELOPMENT_ASSET_PATHS = "\"CessnaPerf/Preview Content\"";
				DEVELOPMENT_TEAM = 39Z673U42P;
				ENABLE_PREVIEWS = YES;
				GENERATE_INFOPLIST_FILE = YES;
				INFOPLIST_FILE = CessnaPerf/Info.plist;
				INFOPLIST_KEY_UIApplicationSupportsIndirectInputEvents = YES;
				INFOPLIST_KEY_UILaunchScreen_Generation = YES;
				INFOPLIST_KEY_UISupportedInterfaceOrientations_iPad = "UIInterfaceOrientationPortrait UIInterfaceOrientationPortraitUpsideDown UIInterfaceOrientationLandscapeLeft UIInterfaceOrientationLandscapeRight";
				INFOPLIST_KEY_UISupportedInterfaceOrientations_iPhone = "UIInterfaceOrientationPortrait UIInterfaceOrientationLandscapeLeft UIInterfaceOrientationLandscapeRight";
				IPHONEOS_DEPLOYMENT_TARGET = 16.0;
				LD_RUNPATH_SEARCH_PATHS = (
					"$(inherited)",
					"@executable_path/Frameworks",
				);
				MARKETING_VERSION = 1.0;
				PRODUCT_BUNDLE_IDENTIFIER = net.rdcsoftware.CessnaPerf;
				PRODUCT_NAME = "$(TARGET_NAME)";
				SWIFT_EMIT_LOC_STRINGS = YES;
				SWIFT_VERSION = 5.0;
				TARGETED_DEVICE_FAMILY = "1,2";
			};
			name = Debug;
		};
		236E894D29FFAE190011B767 /* Release */ = {
			isa = XCBuildConfiguration;
			buildSettings = {
				ASSETCATALOG_COMPILER_APPICON_NAME = AppIcon;
				ASSETCATALOG_COMPILER_GLOBAL_ACCENT_COLOR_NAME = AccentColor;
				CODE_SIGN_STYLE = Automatic;
				CURRENT_PROJECT_VERSION = 1;
				DEVELOPMENT_ASSET_PATHS = "\"CessnaPerf/Preview Content\"";
				DEVELOPMENT_TEAM = 39Z673U42P;
				ENABLE_PREVIEWS = YES;
				GENERATE_INFOPLIST_FILE = YES;
				INFOPLIST_FILE = CessnaPerf/Info.plist;
				INFOPLIST_KEY_UIApplicationSupportsIndirectInputEvents = YES;
				INFOPLIST_KEY_UILaunchScreen_Generation = YES;
				INFOPLIST_KEY_UISupportedInterfaceOrientations_iPad = "UIInterfaceOrientationPortrait UIInterfaceOrientationPortraitUpsideDown UIInterfaceOrientationLandscapeLeft UIInterfaceOrientationLandscapeRight";
				INFOPLIST_KEY_UISupportedInterfaceOrientations_iPhone = "UIInterfaceOrientationPortrait UIInterfaceOrientationLandscapeLeft UIInterfaceOrientationLandscapeRight";
				IPHONEOS_DEPLOYMENT_TARGET = 16.0;
				LD_RUNPATH_SEARCH_PATHS = (
					"$(inherited)",
					"@executable_path/Frameworks",
				);
				MARKETING_VERSION = 1.0;
				PRODUCT_BUNDLE_IDENTIFIER = net.rdcsoftware.CessnaPerf;
				PRODUCT_NAME = "$(TARGET_NAME)";
				SWIFT_EMIT_LOC_STRINGS = YES;
				SWIFT_VERSION = 5.0;
				TARGETED_DEVICE_FAMILY = "1,2";
			};
			name = Release;
		};
/* End XCBuildConfiguration section */

/* Begin XCConfigurationList section */
		236E893829FFAE170011B767 /* Build configuration list for PBXProject "CessnaPerf" */ = {
			isa = XCConfigurationList;
			buildConfigurations = (
				236E894929FFAE190011B767 /* Debug */,
				236E894A29FFAE190011B767 /* Release */,
			);
			defaultConfigurationIsVisible = 0;
			defaultConfigurationName = Release;
		};
		236E894B29FFAE190011B767 /* Build configuration list for PBXNativeTarget "CessnaPerf" */ = {
			isa = XCConfigurationList;
			buildConfigurations = (
				236E894C29FFAE190011B767 /* Debug */,
				236E894D29FFAE190011B767 /* Release */,
			);
			defaultConfigurationIsVisible = 0;
			defaultConfigurationName = Release;
		};
/* End XCConfigurationList section */
	};
	rootObject = 236E893529FFAE170011B767 /* Project object */;
}
